
Microsoft Visual Studio Solution File, Format Version 12.00
# Visual Studio Version 16
VisualStudioVersion = 16.0.29613.14
MinimumVisualStudioVersion = 10.0.40219.1
Project("{FAE04EC0-301F-11D3-BF4B-00C04F79EFBC}") = "Singleton", "Singleton\Singleton.csproj", "{06CA8013-A901-4886-BBD2-C091F5504E45}"
EndProject
Project("{FAE04EC0-301F-11D3-BF4B-00C04F79EFBC}") = "Adapter", "Adapter\Adapter.csproj", "{A4BAE909-D54B-49F5-B36A-8B23809B323D}"
EndProject
Global
	GlobalSection(SolutionConfigurationPlatforms) = preSolution
		Debug|Any CPU = Debug|Any CPU
		Release|Any CPU = Release|Any CPU
	EndGlobalSection
	GlobalSection(ProjectConfigurationPlatforms) = postSolution
		{06CA8013-A901-4886-BBD2-C091F5504E45}.Debug|Any CPU.ActiveCfg = Debug|Any CPU
		{06CA8013-A901-4886-BBD2-C091F5504E45}.Debug|Any CPU.Build.0 = Debug|Any CPU
		{06CA8013-A901-4886-BBD2-C091F5504E45}.Release|Any CPU.ActiveCfg = Release|Any CPU
		{06CA8013-A901-4886-BBD2-C091F5504E45}.Release|Any CPU.Build.0 = Release|Any CPU
		{A4BAE909-D54B-49F5-B36A-8B23809B323D}.Debug|Any CPU.ActiveCfg = Debug|Any CPU
		{A4BAE909-D54B-49F5-B36A-8B23809B323D}.Debug|Any CPU.Build.0 = Debug|Any CPU
		{A4BAE909-D54B-49F5-B36A-8B23809B323D}.Release|Any CPU.ActiveCfg = Release|Any CPU
		{A4BAE909-D54B-49F5-B36A-8B23809B323D}.Release|Any CPU.Build.0 = Release|Any CPU
	EndGlobalSection
	GlobalSection(SolutionProperties) = preSolution
		HideSolutionNode = FALSE
	EndGlobalSection
	GlobalSection(ExtensibilityGlobals) = postSolution
		SolutionGuid = {BC2F01CB-E258-4869-9CCA-127D378E9B3C}
	EndGlobalSection
EndGlobal
